
Microsoft Visual Studio Solution File, Format Version 12.00
# Visual Studio 2013
VisualStudioVersion = 12.0.40629.0
MinimumVisualStudioVersion = 10.0.40219.1
Project("{FAE04EC0-301F-11D3-BF4B-00C04F79EFBC}") = "SwiftList.WebApi", "SwiftList.WebApi.csproj", "{A07C48CD-3579-4C8F-BA1C-6E07C820C3BA}"
EndProject
Global
	GlobalSection(SolutionConfigurationPlatforms) = preSolution
		Debug|Any CPU = Debug|Any CPU
		Release|Any CPU = Release|Any CPU
	EndGlobalSection
	GlobalSection(ProjectConfigurationPlatforms) = postSolution
		{A07C48CD-3579-4C8F-BA1C-6E07C820C3BA}.Debug|Any CPU.ActiveCfg = Debug|Any CPU
		{A07C48CD-3579-4C8F-BA1C-6E07C820C3BA}.Debug|Any CPU.Build.0 = Debug|Any CPU
		{A07C48CD-3579-4C8F-BA1C-6E07C820C3BA}.Release|Any CPU.ActiveCfg = Release|Any CPU
		{A07C48CD-3579-4C8F-BA1C-6E07C820C3BA}.Release|Any CPU.Build.0 = Release|Any CPU
	EndGlobalSection
	GlobalSection(SolutionProperties) = preSolution
		HideSolutionNode = FALSE
	EndGlobalSection
EndGlobal
